
Microsoft Visual Studio Solution File, Format Version 12.00
# Visual Studio Version 17
VisualStudioVersion = 17.12.35527.113
MinimumVisualStudioVersion = 10.0.40219.1
Project("{FAE04EC0-301F-11D3-BF4B-00C04F79EFBC}") = "Graveyard Tracker C Sharp", "Graveyard Tracker C#\Graveyard Tracker C Sharp.csproj", "{BB62E64F-22B7-4DB4-81AF-E62F61083DDC}"
EndProject
Global
	GlobalSection(SolutionConfigurationPlatforms) = preSolution
		Debug|Any CPU = Debug|Any CPU
		Release|Any CPU = Release|Any CPU
	EndGlobalSection
	GlobalSection(ProjectConfigurationPlatforms) = postSolution
		{BB62E64F-22B7-4DB4-81AF-E62F61083DDC}.Debug|Any CPU.ActiveCfg = Debug|Any CPU
		{BB62E64F-22B7-4DB4-81AF-E62F61083DDC}.Debug|Any CPU.Build.0 = Debug|Any CPU
		{BB62E64F-22B7-4DB4-81AF-E62F61083DDC}.Release|Any CPU.ActiveCfg = Release|Any CPU
		{BB62E64F-22B7-4DB4-81AF-E62F61083DDC}.Release|Any CPU.Build.0 = Release|Any CPU
	EndGlobalSection
	GlobalSection(SolutionProperties) = preSolution
		HideSolutionNode = FALSE
	EndGlobalSection
EndGlobal
